
Microsoft Visual Studio Solution File, Format Version 12.00
# Visual Studio Version 17
VisualStudioVersion = 17.14.36623.8
MinimumVisualStudioVersion = 10.0.40219.1
Project("{FAE04EC0-301F-11D3-BF4B-00C04F79EFBC}") = "Ex03.GarageLogic", "Ex03.GarageLogic\Ex03.GarageLogic.csproj", "{4AD53EB9-4AEB-489C-B3D3-96B311D15753}"
EndProject
Project("{FAE04EC0-301F-11D3-BF4B-00C04F79EFBC}") = "Ex03.ConsoleUI", "Ex03.ConsoleUI\Ex03.ConsoleUI.csproj", "{313F6DF3-1E5D-4CE4-B24E-8A8AF936DB38}"
EndProject
Global
	GlobalSection(SolutionConfigurationPlatforms) = preSolution
		Debug|Any CPU = Debug|Any CPU
		Release|Any CPU = Release|Any CPU
	EndGlobalSection
	GlobalSection(ProjectConfigurationPlatforms) = postSolution
		{4AD53EB9-4AEB-489C-B3D3-96B311D15753}.Debug|Any CPU.ActiveCfg = Debug|Any CPU
		{4AD53EB9-4AEB-489C-B3D3-96B311D15753}.Debug|Any CPU.Build.0 = Debug|Any CPU
		{4AD53EB9-4AEB-489C-B3D3-96B311D15753}.Release|Any CPU.ActiveCfg = Release|Any CPU
		{4AD53EB9-4AEB-489C-B3D3-96B311D15753}.Release|Any CPU.Build.0 = Release|Any CPU
		{313F6DF3-1E5D-4CE4-B24E-8A8AF936DB38}.Debug|Any CPU.ActiveCfg = Debug|Any CPU
		{313F6DF3-1E5D-4CE4-B24E-8A8AF936DB38}.Debug|Any CPU.Build.0 = Debug|Any CPU
		{313F6DF3-1E5D-4CE4-B24E-8A8AF936DB38}.Release|Any CPU.ActiveCfg = Release|Any CPU
		{313F6DF3-1E5D-4CE4-B24E-8A8AF936DB38}.Release|Any CPU.Build.0 = Release|Any CPU
	EndGlobalSection
	GlobalSection(SolutionProperties) = preSolution
		HideSolutionNode = FALSE
	EndGlobalSection
	GlobalSection(ExtensibilityGlobals) = postSolution
		SolutionGuid = {B34D7E8E-35D1-420A-8A12-1664979D3EB1}
	EndGlobalSection
EndGlobal
